
Microsoft Visual Studio Solution File, Format Version 12.00
# Visual Studio 2012
Project("{8BC9CEB8-8B4A-11D0-8D11-00A0C91BC942}") = "MpqLib", "MpqLib\MpqLib.vcxproj", "{476E6B36-F10A-4157-A25E-DD66E6767207}"
EndProject
Global
	GlobalSection(SolutionConfigurationPlatforms) = preSolution
		Debug|Win32 = Debug|Win32
		Release|Win32 = Release|Win32
	EndGlobalSection
	GlobalSection(ProjectConfigurationPlatforms) = postSolution
		{476E6B36-F10A-4157-A25E-DD66E6767207}.Debug|Win32.ActiveCfg = Debug|Win32
		{476E6B36-F10A-4157-A25E-DD66E6767207}.Debug|Win32.Build.0 = Debug|Win32
		{476E6B36-F10A-4157-A25E-DD66E6767207}.Release|Win32.ActiveCfg = Release|Win32
		{476E6B36-F10A-4157-A25E-DD66E6767207}.Release|Win32.Build.0 = Release|Win32
	EndGlobalSection
	GlobalSection(SolutionProperties) = preSolution
		HideSolutionNode = FALSE
	EndGlobalSection
EndGlobal
